
Microsoft Visual Studio Solution File, Format Version 12.00
# Visual Studio Version 17
VisualStudioVersion = 17.4.33205.214
MinimumVisualStudioVersion = 10.0.40219.1
Project("{FAE04EC0-301F-11D3-BF4B-00C04F79EFBC}") = "TimetableScheduler", "TimetableScheduler\TimetableScheduler.csproj", "{DCA6C037-D5C1-4F5A-9491-58C0C54C1DBC}"
EndProject
Global
	GlobalSection(SolutionConfigurationPlatforms) = preSolution
		Debug|Any CPU = Debug|Any CPU
		Release|Any CPU = Release|Any CPU
	EndGlobalSection
	GlobalSection(ProjectConfigurationPlatforms) = postSolution
		{DCA6C037-D5C1-4F5A-9491-58C0C54C1DBC}.Debug|Any CPU.ActiveCfg = Debug|Any CPU
		{DCA6C037-D5C1-4F5A-9491-58C0C54C1DBC}.Debug|Any CPU.Build.0 = Debug|Any CPU
		{DCA6C037-D5C1-4F5A-9491-58C0C54C1DBC}.Release|Any CPU.ActiveCfg = Release|Any CPU
		{DCA6C037-D5C1-4F5A-9491-58C0C54C1DBC}.Release|Any CPU.Build.0 = Release|Any CPU
	EndGlobalSection
	GlobalSection(SolutionProperties) = preSolution
		HideSolutionNode = FALSE
	EndGlobalSection
	GlobalSection(ExtensibilityGlobals) = postSolution
		SolutionGuid = {37FA7316-3F5E-432E-BD42-47F37FD6C4A4}
	EndGlobalSection
EndGlobal
